// !$*UTF8*$!
{
	archiveVersion = 1;
	classes = {
	};
	objectVersion = 50;
	objects = {

/* Begin PBXBuildFile section */
		2820686A24FCBAE100F2237C /* coreNFCAppApp.swift in Sources */ = {isa = PBXBuildFile; fileRef = 2820686924FCBAE100F2237C /* coreNFCAppApp.swift */; };
		2820686C24FCBAE100F2237C /* ContentView.swift in Sources */ = {isa = PBXBuildFile; fileRef = 2820686B24FCBAE100F2237C /* ContentView.swift */; };
		2820686E24FCBAE200F2237C /* Assets.xcassets in Resources */ = {isa = PBXBuildFile; fileRef = 2820686D24FCBAE200F2237C /* Assets.xcassets */; };
		2820687124FCBAE200F2237C /* Preview Assets.xcassets in Resources */ = {isa = PBXBuildFile; fileRef = 2820687024FCBAE200F2237C /* Preview Assets.xcassets */; };
/* End PBXBuildFile section */

/* Begin PBXFileReference section */
		2820686624FCBAE100F2237C /* coreNFCApp.app */ = {isa = PBXFileReference; explicitFileType = wrapper.application; includeInIndex = 0; path = coreNFCApp.app; sourceTree = BUILT_PRODUCTS_DIR; };
		2820686924FCBAE100F2237C /* coreNFCAppApp.swift */ = {isa = PBXFileReference; lastKnownFileType = sourcecode.swift; path = coreNFCAppApp.swift; sourceTree = "<group>"; };
		2820686B24FCBAE100F2237C /* ContentView.swift */ = {isa = PBXFileReference; lastKnownFileType = sourcecode.swift; path = ContentView.swift; sourceTree = "<group>"; };
		2820686D24FCBAE200F2237C /* Assets.xcassets */ = {isa = PBXFileReference; lastKnownFileType = folder.assetcatalog; path = Assets.xcassets; sourceTree = "<group>"; };
		2820687024FCBAE200F2237C /* Preview Assets.xcassets */ = {isa = PBXFileReference; lastKnownFileType = folder.assetcatalog; path = "Preview Assets.xcassets"; sourceTree = "<group>"; };
		2820687224FCBAE200F2237C /* Info.plist */ = {isa = PBXFileReference; lastKnownFileType = text.plist.xml; path = Info.plist; sourceTree = "<group>"; };
		2820687824FCBB7800F2237C /* coreNFCApp.entitlements */ = {isa = PBXFileReference; lastKnownFileType = text.plist.entitlements; path = coreNFCApp.entitlements; sourceTree = "<group>"; };
/* End PBXFileReference section */

/* Begin PBXFrameworksBuildPhase section */
		2820686324FCBAE100F2237C /* Frameworks */ = {
			isa = PBXFrameworksBuildPhase;
			buildActionMask = 2147483647;
			files = (
			);
			runOnlyForDeploymentPostprocessing = 0;
		};
/* End PBXFrameworksBuildPhase section */

/* Begin PBXGroup section */
		2820685D24FCBAE100F2237C = {
			isa = PBXGroup;
			children = (
				2820686824FCBAE100F2237C /* coreNFCApp */,
				2820686724FCBAE100F2237C /* Products */,
			);
			sourceTree = "<group>";
		};
		2820686724FCBAE100F2237C /* Products */ = {
			isa = PBXGroup;
			children = (
				2820686624FCBAE100F2237C /* coreNFCApp.app */,
			);
			name = Products;
			sourceTree = "<group>";
		};
		2820686824FCBAE100F2237C /* coreNFCApp */ = {
			isa = PBXGroup;
			children = (
				2820687824FCBB7800F2237C /* coreNFCApp.entitlements */,
				2820686924FCBAE100F2237C /* coreNFCAppApp.swift */,
				2820686B24FCBAE100F2237C /* ContentView.swift */,
				2820686D24FCBAE200F2237C /* Assets.xcassets */,
				2820687224FCBAE200F2237C /* Info.plist */,
				2820686F24FCBAE200F2237C /* Preview Content */,
			);
			path = coreNFCApp;
			sourceTree = "<group>";
		};
		2820686F24FCBAE200F2237C /* Preview Content */ = {
			isa = PBXGroup;
			children = (
				2820687024FCBAE200F2237C /* Preview Assets.xcassets */,
			);
			path = "Preview Content";
			sourceTree = "<group>";
		};
/* End PBXGroup section */

/* Begin PBXNativeTarget section */
		2820686524FCBAE100F2237C /* coreNFCApp */ = {
			isa = PBXNativeTarget;
			buildConfigurationList = 2820687524FCBAE200F2237C /* Build configuration list for PBXNativeTarget "coreNFCApp" */;
			buildPhases = (
				2820686224FCBAE100F2237C /* Sources */,
				2820686324FCBAE100F2237C /* Frameworks */,
				2820686424FCBAE100F2237C /* Resources */,
			);
			buildRules = (
			);
			dependencies = (
			);
			name = coreNFCApp;
			productName = coreNFCApp;
			productReference = 2820686624FCBAE100F2237C /* coreNFCApp.app */;
			productType = "com.apple.product-type.application";
		};
/* End PBXNativeTarget section */

/* Begin PBXProject section */
		2820685E24FCBAE100F2237C /* Project object */ = {
			isa = PBXProject;
			attributes = {
				LastSwiftUpdateCheck = 1200;
				LastUpgradeCheck = 1200;
				TargetAttributes = {
					2820686524FCBAE100F2237C = {
						CreatedOnToolsVersion = 12.0;
					};
				};
			};
			buildConfigurationList = 2820686124FCBAE100F2237C /* Build configuration list for PBXProject "coreNFCApp" */;
			compatibilityVersion = "Xcode 9.3";
			developmentRegion = en;
			hasScannedForEncodings = 0;
			knownRegions = (
				en,
				Base,
			);
			mainGroup = 2820685D24FCBAE100F2237C;
			productRefGroup = 2820686724FCBAE100F2237C /* Products */;
			projectDirPath = "";
			projectRoot = "";
			targets = (
				2820686524FCBAE100F2237C /* coreNFCApp */,
			);
		};
/* End PBXProject section */

/* Begin PBXResourcesBuildPhase section */
		2820686424FCBAE100F2237C /* Resources */ = {
			isa = PBXResourcesBuildPhase;
			buildActionMask = 2147483647;
			files = (
				2820687124FCBAE200F2237C /* Preview Assets.xcassets in Resources */,
				2820686E24FCBAE200F2237C /* Assets.xcassets in Resources */,
			);
			runOnlyForDeploymentPostprocessing = 0;
		};
/* End PBXResourcesBuildPhase section */

/* Begin PBXSourcesBuildPhase section */
		2820686224FCBAE100F2237C /* Sources */ = {
			isa = PBXSourcesBuildPhase;
			buildActionMask = 2147483647;
			files = (
				2820686C24FCBAE100F2237C /* ContentView.swift in Sources */,
				2820686A24FCBAE100F2237C /* coreNFCAppApp.swift in Sources */,
			);
			runOnlyForDeploymentPostprocessing = 0;
		};
/* End PBXSourcesBuildPhase section */

/* Begin XCBuildConfiguration section */
		2820687324FCBAE200F2237C /* Debug */ = {
			isa = XCBuildConfiguration;
			buildSettings = {
				ALWAYS_SEARCH_USER_PATHS = NO;
				CLANG_ANALYZER_NONNULL = YES;
				CLANG_ANALYZER_NUMBER_OBJECT_CONVERSION = YES_AGGRESSIVE;
				CLANG_CXX_LANGUAGE_STANDARD = "gnu++14";
				CLANG_CXX_LIBRARY = "libc++";
				CLANG_ENABLE_MODULES = YES;
				CLANG_ENABLE_OBJC_ARC = YES;
				CLANG_ENABLE_OBJC_WEAK = YES;
				CLANG_WARN_BLOCK_CAPTURE_AUTORELEASING = YES;
				CLANG_WARN_BOOL_CONVERSION = YES;
				CLANG_WARN_COMMA = YES;
				CLANG_WARN_CONSTANT_CONVERSION = YES;
				CLANG_WARN_DEPRECATED_OBJC_IMPLEMENTATIONS = YES;
				CLANG_WARN_DIRECT_OBJC_ISA_USAGE = YES_ERROR;
				CLANG_WARN_DOCUMENTATION_COMMENTS = YES;
				CLANG_WARN_EMPTY_BODY = YES;
				CLANG_WARN_ENUM_CONVERSION = YES;
				CLANG_WARN_INFINITE_RECURSION = YES;
				CLANG_WARN_INT_CONVERSION = YES;
				CLANG_WARN_NON_LITERAL_NULL_CONVERSION = YES;
				CLANG_WARN_OBJC_IMPLICIT_RETAIN_SELF = YES;
				CLANG_WARN_OBJC_LITERAL_CONVERSION = YES;
				CLANG_WARN_OBJC_ROOT_CLASS = YES_ERROR;
				CLANG_WARN_QUOTED_INCLUDE_IN_FRAMEWORK_HEADER = YES;
				CLANG_WARN_RANGE_LOOP_ANALYSIS = YES;
				CLANG_WARN_STRICT_PROTOTYPES = YES;
				CLANG_WARN_SUSPICIOUS_MOVE = YES;
				CLANG_WARN_UNGUARDED_AVAILABILITY = YES_AGGRESSIVE;
				CLANG_WARN_UNREACHABLE_CODE = YES;
				CLANG_WARN__DUPLICATE_METHOD_MATCH = YES;
				COPY_PHASE_STRIP = NO;
				DEBUG_INFORMATION_FORMAT = dwarf;
				ENABLE_STRICT_OBJC_MSGSEND = YES;
				ENABLE_TESTABILITY = YES;
				GCC_C_LANGUAGE_STANDARD = gnu11;
				GCC_DYNAMIC_NO_PIC = NO;
				GCC_NO_COMMON_BLOCKS = YES;
				GCC_OPTIMIZATION_LEVEL = 0;
				GCC_PREPROCESSOR_DEFINITIONS = (
					"DEBUG=1",
					"$(inherited)",
				);
				GCC_WARN_64_TO_32_BIT_CONVERSION = YES;
				GCC_WARN_ABOUT_RETURN_TYPE = YES_ERROR;
				GCC_WARN_UNDECLARED_SELECTOR = YES;
				GCC_WARN_UNINITIALIZED_AUTOS = YES_AGGRESSIVE;
				GCC_WARN_UNUSED_FUNCTION = YES;
				GCC_WARN_UNUSED_VARIABLE = YES;
				IPHONEOS_DEPLOYMENT_TARGET = 14.0;
				MTL_ENABLE_DEBUG_INFO = INCLUDE_SOURCE;
				MTL_FAST_MATH = YES;
				ONLY_ACTIVE_ARCH = YES;
				SDKROOT = iphoneos;
				SWIFT_ACTIVE_COMPILATION_CONDITIONS = DEBUG;
				SWIFT_OPTIMIZATION_LEVEL = "-Onone";
			};
			name = Debug;
		};
		2820687424FCBAE200F2237C /* Release */ = {
			isa = XCBuildConfiguration;
			buildSettings = {
				ALWAYS_SEARCH_USER_PATHS = NO;
				CLANG_ANALYZER_NONNULL = YES;
				CLANG_ANALYZER_NUMBER_OBJECT_CONVERSION = YES_AGGRESSIVE;
				CLANG_CXX_LANGUAGE_STANDARD = "gnu++14";
				CLANG_CXX_LIBRARY = "libc++";
				CLANG_ENABLE_MODULES = YES;
				CLANG_ENABLE_OBJC_ARC = YES;
				CLANG_ENABLE_OBJC_WEAK = YES;
				CLANG_WARN_BLOCK_CAPTURE_AUTORELEASING = YES;
				CLANG_WARN_BOOL_CONVERSION = YES;
				CLANG_WARN_COMMA = YES;
				CLANG_WARN_CONSTANT_CONVERSION = YES;
				CLANG_WARN_DEPRECATED_OBJC_IMPLEMENTATIONS = YES;
				CLANG_WARN_DIRECT_OBJC_ISA_USAGE = YES_ERROR;
				CLANG_WARN_DOCUMENTATION_COMMENTS = YES;
				CLANG_WARN_EMPTY_BODY = YES;
				CLANG_WARN_ENUM_CONVERSION = YES;
				CLANG_WARN_INFINITE_RECURSION = YES;
				CLANG_WARN_INT_CONVERSION = YES;
				CLANG_WARN_NON_LITERAL_NULL_CONVERSION = YES;
				CLANG_WARN_OBJC_IMPLICIT_RETAIN_SELF = YES;
				CLANG_WARN_OBJC_LITERAL_CONVERSION = YES;
				CLANG_WARN_OBJC_ROOT_CLASS = YES_ERROR;
				CLANG_WARN_QUOTED_INCLUDE_IN_FRAMEWORK_HEADER = YES;
				CLANG_WARN_RANGE_LOOP_ANALYSIS = YES;
				CLANG_WARN_STRICT_PROTOTYPES = YES;
				CLANG_WARN_SUSPICIOUS_MOVE = YES;
				CLANG_WARN_UNGUARDED_AVAILABILITY = YES_AGGRESSIVE;
				CLANG_WARN_UNREACHABLE_CODE = YES;
				CLANG_WARN__DUPLICATE_METHOD_MATCH = YES;
				COPY_PHASE_STRIP = NO;
				DEBUG_INFORMATION_FORMAT = "dwarf-with-dsym";
				ENABLE_NS_ASSERTIONS = NO;
				ENABLE_STRICT_OBJC_MSGSEND = YES;
				GCC_C_LANGUAGE_STANDARD = gnu11;
				GCC_NO_COMMON_BLOCKS = YES;
				GCC_WARN_64_TO_32_BIT_CONVERSION = YES;
				GCC_WARN_ABOUT_RETURN_TYPE = YES_ERROR;
				GCC_WARN_UNDECLARED_SELECTOR = YES;
				GCC_WARN_UNINITIALIZED_AUTOS = YES_AGGRESSIVE;
				GCC_WARN_UNUSED_FUNCTION = YES;
				GCC_WARN_UNUSED_VARIABLE = YES;
				IPHONEOS_DEPLOYMENT_TARGET = 14.0;
				MTL_ENABLE_DEBUG_INFO = NO;
				MTL_FAST_MATH = YES;
				SDKROOT = iphoneos;
				SWIFT_COMPILATION_MODE = wholemodule;
				SWIFT_OPTIMIZATION_LEVEL = "-O";
				VALIDATE_PRODUCT = YES;
			};
			name = Release;
		};
		2820687624FCBAE200F2237C /* Debug */ = {
			isa = XCBuildConfiguration;
			buildSettings = {
				ASSETCATALOG_COMPILER_APPICON_NAME = AppIcon;
				ASSETCATALOG_COMPILER_GLOBAL_ACCENT_COLOR_NAME = AccentColor;
				CODE_SIGN_ENTITLEMENTS = coreNFCApp/coreNFCApp.entitlements;
				CODE_SIGN_STYLE = Automatic;
				DEVELOPMENT_ASSET_PATHS = "\"coreNFCApp/Preview Content\"";
				DEVELOPMENT_TEAM = NKLMM8NS64;
				ENABLE_PREVIEWS = YES;
				INFOPLIST_FILE = coreNFCApp/Info.plist;
				IPHONEOS_DEPLOYMENT_TARGET = 14.0;
				LD_RUNPATH_SEARCH_PATHS = (
					"$(inherited)",
					"@executable_path/Frameworks",
				);
				PRODUCT_BUNDLE_IDENTIFIER = com.gmail.yu.j.0513.coreNFCApp;
				PRODUCT_NAME = "$(TARGET_NAME)";
				SWIFT_VERSION = 5.0;
				TARGETED_DEVICE_FAMILY = "1,2";
			};
			name = Debug;
		};
		2820687724FCBAE200F2237C /* Release */ = {
			isa = XCBuildConfiguration;
			buildSettings = {
				ASSETCATALOG_COMPILER_APPICON_NAME = AppIcon;
				ASSETCATALOG_COMPILER_GLOBAL_ACCENT_COLOR_NAME = AccentColor;
				CODE_SIGN_ENTITLEMENTS = coreNFCApp/coreNFCApp.entitlements;
				CODE_SIGN_STYLE = Automatic;
				DEVELOPMENT_ASSET_PATHS = "\"coreNFCApp/Preview Content\"";
				DEVELOPMENT_TEAM = NKLMM8NS64;
				ENABLE_PREVIEWS = YES;
				INFOPLIST_FILE = coreNFCApp/Info.plist;
				IPHONEOS_DEPLOYMENT_TARGET = 14.0;
				LD_RUNPATH_SEARCH_PATHS = (
					"$(inherited)",
					"@executable_path/Frameworks",
				);
				PRODUCT_BUNDLE_IDENTIFIER = com.gmail.yu.j.0513.coreNFCApp;
				PRODUCT_NAME = "$(TARGET_NAME)";
				SWIFT_VERSION = 5.0;
				TARGETED_DEVICE_FAMILY = "1,2";
			};
			name = Release;
		};
/* End XCBuildConfiguration section */

/* Begin XCConfigurationList section */
		2820686124FCBAE100F2237C /* Build configuration list for PBXProject "coreNFCApp" */ = {
			isa = XCConfigurationList;
			buildConfigurations = (
				2820687324FCBAE200F2237C /* Debug */,
				2820687424FCBAE200F2237C /* Release */,
			);
			defaultConfigurationIsVisible = 0;
			defaultConfigurationName = Release;
		};
		2820687524FCBAE200F2237C /* Build configuration list for PBXNativeTarget "coreNFCApp" */ = {
			isa = XCConfigurationList;
			buildConfigurations = (
				2820687624FCBAE200F2237C /* Debug */,
				2820687724FCBAE200F2237C /* Release */,
			);
			defaultConfigurationIsVisible = 0;
			defaultConfigurationName = Release;
		};
/* End XCConfigurationList section */
	};
	rootObject = 2820685E24FCBAE100F2237C /* Project object */;
}
